Microsoft Visual Studio Solution File, Format Version 12.00
# Visual Studio Version 18
VisualStudioVersion = 18.10.12113.136 insiders
MinimumVisualStudioVersion = 10.0.40219.1
Project("{888888A0-9F3D-457C-B088-3A5042F75D52}") = "Leasha", "Leasha.pyproj", "{8B0E1F4A-3C7D-4A62-9E15-1D6C2A7B4E90}"
EndProject
Global
	GlobalSection(SolutionConfigurationPlatforms) = preSolution
		Debug|Any CPU = Debug|Any CPU
		Release|Any CPU = Release|Any CPU
	EndGlobalSection
	GlobalSection(ProjectConfigurationPlatforms) = postSolution
		{8B0E1F4A-3C7D-4A62-9E15-1D6C2A7B4E90}.Debug|Any CPU.ActiveCfg = Debug|Any CPU
		{8B0E1F4A-3C7D-4A62-9E15-1D6C2A7B4E90}.Release|Any CPU.ActiveCfg = Release|Any CPU
	EndGlobalSection
	GlobalSection(SolutionProperties) = preSolution
		HideSolutionNode = FALSE
	EndGlobalSection
	GlobalSection(ExtensibilityGlobals) = postSolution
		SolutionGuid = {2F5A7C31-6D48-4B92-A0E7-5C83B1D9F642}
	EndGlobalSection
EndGlobal
